
Microsoft Visual Studio Solution File, Format Version 12.00
# Visual Studio 15
VisualStudioVersion = 15.0.26730.3
MinimumVisualStudioVersion = 10.0.40219.1
Project("{FAE04EC0-301F-11D3-BF4B-00C04F79EFBC}") = "IntelCooler", "IntelCooler\IntelCooler.csproj", "{137FA968-1BB0-4D05-BDB0-9B945878D88C}"
EndProject
Global
	GlobalSection(SolutionConfigurationPlatforms) = preSolution
		Debug|Any CPU = Debug|Any CPU
		Release|Any CPU = Release|Any CPU
	EndGlobalSection
	GlobalSection(ProjectConfigurationPlatforms) = postSolution
		{137FA968-1BB0-4D05-BDB0-9B945878D88C}.Debug|Any CPU.ActiveCfg = Debug|Any CPU
		{137FA968-1BB0-4D05-BDB0-9B945878D88C}.Debug|Any CPU.Build.0 = Debug|Any CPU
		{137FA968-1BB0-4D05-BDB0-9B945878D88C}.Release|Any CPU.ActiveCfg = Release|Any CPU
		{137FA968-1BB0-4D05-BDB0-9B945878D88C}.Release|Any CPU.Build.0 = Release|Any CPU
	EndGlobalSection
	GlobalSection(SolutionProperties) = preSolution
		HideSolutionNode = FALSE
	EndGlobalSection
	GlobalSection(ExtensibilityGlobals) = postSolution
		SolutionGuid = {37AFC453-B58B-4195-888B-2D2672CA5577}
	EndGlobalSection
EndGlobal
